// !$*UTF8*$!
{
	archiveVersion = 1;
	classes = {
	};
	objectVersion = 55;
	objects = {

/* Begin PBXBuildFile section */
		BF0EB55A2876A11100AC8A13 /* AppDelegate.swift in Sources */ = {isa = PBXBuildFile; fileRef = BF0EB5592876A11100AC8A13 /* AppDelegate.swift */; };
		BF0EB55C2876A11100AC8A13 /* SceneDelegate.swift in Sources */ = {isa = PBXBuildFile; fileRef = BF0EB55B2876A11100AC8A13 /* SceneDelegate.swift */; };
		BF0EB55E2876A11100AC8A13 /* MainTabBarViewController.swift in Sources */ = {isa = PBXBuildFile; fileRef = BF0EB55D2876A11100AC8A13 /* MainTabBarViewController.swift */; };
		BF0EB5632876A11300AC8A13 /* Assets.xcassets in Resources */ = {isa = PBXBuildFile; fileRef = BF0EB5622876A11300AC8A13 /* Assets.xcassets */; };
		BF0EB5662876A11300AC8A13 /* LaunchScreen.storyboard in Resources */ = {isa = PBXBuildFile; fileRef = BF0EB5642876A11300AC8A13 /* LaunchScreen.storyboard */; };
		BF0EB56F2876A4F000AC8A13 /* HomeViewController.swift in Sources */ = {isa = PBXBuildFile; fileRef = BF0EB56E2876A4F000AC8A13 /* HomeViewController.swift */; };
		BF0EB5712876A51600AC8A13 /* UpcomingViewController.swift in Sources */ = {isa = PBXBuildFile; fileRef = BF0EB5702876A51600AC8A13 /* UpcomingViewController.swift */; };
		BF0EB5742876A53700AC8A13 /* SearchViewController.swift in Sources */ = {isa = PBXBuildFile; fileRef = BF0EB5732876A53700AC8A13 /* SearchViewController.swift */; };
		BF0EB5762876A54A00AC8A13 /* DownloadsViewController.swift in Sources */ = {isa = PBXBuildFile; fileRef = BF0EB5752876A54A00AC8A13 /* DownloadsViewController.swift */; };
		BF0EB57D2876B16F00AC8A13 /* CollectionViewTableViewCell.swift in Sources */ = {isa = PBXBuildFile; fileRef = BF0EB57C2876B16F00AC8A13 /* CollectionViewTableViewCell.swift */; };
/* End PBXBuildFile section */

/* Begin PBXFileReference section */
		BF0EB5562876A11100AC8A13 /* CodeBase-Practice-Netflix.app */ = {isa = PBXFileReference; explicitFileType = wrapper.application; includeInIndex = 0; path = "CodeBase-Practice-Netflix.app"; sourceTree = BUILT_PRODUCTS_DIR; };
		BF0EB5592876A11100AC8A13 /* AppDelegate.swift */ = {isa = PBXFileReference; lastKnownFileType = sourcecode.swift; path = AppDelegate.swift; sourceTree = "<group>"; };
		BF0EB55B2876A11100AC8A13 /* SceneDelegate.swift */ = {isa = PBXFileReference; lastKnownFileType = sourcecode.swift; path = SceneDelegate.swift; sourceTree = "<group>"; };
		BF0EB55D2876A11100AC8A13 /* MainTabBarViewController.swift */ = {isa = PBXFileReference; lastKnownFileType = sourcecode.swift; path = MainTabBarViewController.swift; sourceTree = "<group>"; };
		BF0EB5622876A11300AC8A13 /* Assets.xcassets */ = {isa = PBXFileReference; lastKnownFileType = folder.assetcatalog; path = Assets.xcassets; sourceTree = "<group>"; };
		BF0EB5652876A11300AC8A13 /* Base */ = {isa = PBXFileReference; lastKnownFileType = file.storyboard; name = Base; path = Base.lproj/LaunchScreen.storyboard; sourceTree = "<group>"; };
		BF0EB5672876A11300AC8A13 /* Info.plist */ = {isa = PBXFileReference; lastKnownFileType = text.plist.xml; path = Info.plist; sourceTree = "<group>"; };
		BF0EB56E2876A4F000AC8A13 /* HomeViewController.swift */ = {isa = PBXFileReference; lastKnownFileType = sourcecode.swift; path = HomeViewController.swift; sourceTree = "<group>"; };
		BF0EB5702876A51600AC8A13 /* UpcomingViewController.swift */ = {isa = PBXFileReference; lastKnownFileType = sourcecode.swift; path = UpcomingViewController.swift; sourceTree = "<group>"; };
		BF0EB5732876A53700AC8A13 /* SearchViewController.swift */ = {isa = PBXFileReference; lastKnownFileType = sourcecode.swift; path = SearchViewController.swift; sourceTree = "<group>"; };
		BF0EB5752876A54A00AC8A13 /* DownloadsViewController.swift */ = {isa = PBXFileReference; lastKnownFileType = sourcecode.swift; path = DownloadsViewController.swift; sourceTree = "<group>"; };
		BF0EB57C2876B16F00AC8A13 /* CollectionViewTableViewCell.swift */ = {isa = PBXFileReference; lastKnownFileType = sourcecode.swift; path = CollectionViewTableViewCell.swift; sourceTree = "<group>"; };
/* End PBXFileReference section */

/* Begin PBXFrameworksBuildPhase section */
		BF0EB5532876A11100AC8A13 /* Frameworks */ = {
			isa = PBXFrameworksBuildPhase;
			buildActionMask = 2147483647;
			files = (
			);
			runOnlyForDeploymentPostprocessing = 0;
		};
/* End PBXFrameworksBuildPhase section */

/* Begin PBXGroup section */
		BF0EB54D2876A11100AC8A13 = {
			isa = PBXGroup;
			children = (
				BF0EB5582876A11100AC8A13 /* CodeBase-Practice-Netflix */,
				BF0EB5572876A11100AC8A13 /* Products */,
			);
			sourceTree = "<group>";
		};
		BF0EB5572876A11100AC8A13 /* Products */ = {
			isa = PBXGroup;
			children = (
				BF0EB5562876A11100AC8A13 /* CodeBase-Practice-Netflix.app */,
			);
			name = Products;
			sourceTree = "<group>";
		};
		BF0EB5582876A11100AC8A13 /* CodeBase-Practice-Netflix */ = {
			isa = PBXGroup;
			children = (
				BF0EB57B2876B13400AC8A13 /* Managers */,
				BF0EB57A2876B12600AC8A13 /* Resources */,
				BF0EB5792876B0FA00AC8A13 /* Models */,
				BF0EB5772876B0E700AC8A13 /* Views */,
				BF0EB5782876B0EF00AC8A13 /* ViewModels */,
				BF0EB56D2876A4DE00AC8A13 /* Controllers */,
				BF0EB5592876A11100AC8A13 /* AppDelegate.swift */,
				BF0EB55B2876A11100AC8A13 /* SceneDelegate.swift */,
				BF0EB55D2876A11100AC8A13 /* MainTabBarViewController.swift */,
				BF0EB5622876A11300AC8A13 /* Assets.xcassets */,
				BF0EB5642876A11300AC8A13 /* LaunchScreen.storyboard */,
				BF0EB5672876A11300AC8A13 /* Info.plist */,
			);
			path = "CodeBase-Practice-Netflix";
			sourceTree = "<group>";
		};
		BF0EB56D2876A4DE00AC8A13 /* Controllers */ = {
			isa = PBXGroup;
			children = (
				BF0EB56E2876A4F000AC8A13 /* HomeViewController.swift */,
				BF0EB5702876A51600AC8A13 /* UpcomingViewController.swift */,
				BF0EB5732876A53700AC8A13 /* SearchViewController.swift */,
				BF0EB5752876A54A00AC8A13 /* DownloadsViewController.swift */,
			);
			path = Controllers;
			sourceTree = "<group>";
		};
		BF0EB5772876B0E700AC8A13 /* Views */ = {
			isa = PBXGroup;
			children = (
				BF0EB57C2876B16F00AC8A13 /* CollectionViewTableViewCell.swift */,
			);
			path = Views;
			sourceTree = "<group>";
		};
		BF0EB5782876B0EF00AC8A13 /* ViewModels */ = {
			isa = PBXGroup;
			children = (
			);
			path = ViewModels;
			sourceTree = "<group>";
		};
		BF0EB5792876B0FA00AC8A13 /* Models */ = {
			isa = PBXGroup;
			children = (
			);
			path = Models;
			sourceTree = "<group>";
		};
		BF0EB57A2876B12600AC8A13 /* Resources */ = {
			isa = PBXGroup;
			children = (
			);
			path = Resources;
			sourceTree = "<group>";
		};
		BF0EB57B2876B13400AC8A13 /* Managers */ = {
			isa = PBXGroup;
			children = (
			);
			path = Managers;
			sourceTree = "<group>";
		};
/* End PBXGroup section */

/* Begin PBXNativeTarget section */
		BF0EB5552876A11100AC8A13 /* CodeBase-Practice-Netflix */ = {
			isa = PBXNativeTarget;
			buildConfigurationList = BF0EB56A2876A11300AC8A13 /* Build configuration list for PBXNativeTarget "CodeBase-Practice-Netflix" */;
			buildPhases = (
				BF0EB5522876A11100AC8A13 /* Sources */,
				BF0EB5532876A11100AC8A13 /* Frameworks */,
				BF0EB5542876A11100AC8A13 /* Resources */,
			);
			buildRules = (
			);
			dependencies = (
			);
			name = "CodeBase-Practice-Netflix";
			productName = "CodeBase-Practice-Netflix";
			productReference = BF0EB5562876A11100AC8A13 /* CodeBase-Practice-Netflix.app */;
			productType = "com.apple.product-type.application";
		};
/* End PBXNativeTarget section */

/* Begin PBXProject section */
		BF0EB54E2876A11100AC8A13 /* Project object */ = {
			isa = PBXProject;
			attributes = {
				BuildIndependentTargetsInParallel = 1;
				LastSwiftUpdateCheck = 1340;
				LastUpgradeCheck = 1340;
				TargetAttributes = {
					BF0EB5552876A11100AC8A13 = {
						CreatedOnToolsVersion = 13.4.1;
					};
				};
			};
			buildConfigurationList = BF0EB5512876A11100AC8A13 /* Build configuration list for PBXProject "CodeBase-Practice-Netflix" */;
			compatibilityVersion = "Xcode 13.0";
			developmentRegion = en;
			hasScannedForEncodings = 0;
			knownRegions = (
				en,
				Base,
			);
			mainGroup = BF0EB54D2876A11100AC8A13;
			productRefGroup = BF0EB5572876A11100AC8A13 /* Products */;
			projectDirPath = "";
			projectRoot = "";
			targets = (
				BF0EB5552876A11100AC8A13 /* CodeBase-Practice-Netflix */,
			);
		};
/* End PBXProject section */

/* Begin PBXResourcesBuildPhase section */
		BF0EB5542876A11100AC8A13 /* Resources */ = {
			isa = PBXResourcesBuildPhase;
			buildActionMask = 2147483647;
			files = (
				BF0EB5662876A11300AC8A13 /* LaunchScreen.storyboard in Resources */,
				BF0EB5632876A11300AC8A13 /* Assets.xcassets in Resources */,
			);
			runOnlyForDeploymentPostprocessing = 0;
		};
/* End PBXResourcesBuildPhase section */

/* Begin PBXSourcesBuildPhase section */
		BF0EB5522876A11100AC8A13 /* Sources */ = {
			isa = PBXSourcesBuildPhase;
			buildActionMask = 2147483647;
			files = (
				BF0EB5742876A53700AC8A13 /* SearchViewController.swift in Sources */,
				BF0EB55E2876A11100AC8A13 /* MainTabBarViewController.swift in Sources */,
				BF0EB57D2876B16F00AC8A13 /* CollectionViewTableViewCell.swift in Sources */,
				BF0EB5762876A54A00AC8A13 /* DownloadsViewController.swift in Sources */,
				BF0EB55A2876A11100AC8A13 /* AppDelegate.swift in Sources */,
				BF0EB55C2876A11100AC8A13 /* SceneDelegate.swift in Sources */,
				BF0EB5712876A51600AC8A13 /* UpcomingViewController.swift in Sources */,
				BF0EB56F2876A4F000AC8A13 /* HomeViewController.swift in Sources */,
			);
			runOnlyForDeploymentPostprocessing = 0;
		};
/* End PBXSourcesBuildPhase section */

/* Begin PBXVariantGroup section */
		BF0EB5642876A11300AC8A13 /* LaunchScreen.storyboard */ = {
			isa = PBXVariantGroup;
			children = (
				BF0EB5652876A11300AC8A13 /* Base */,
			);
			name = LaunchScreen.storyboard;
			sourceTree = "<group>";
		};
/* End PBXVariantGroup section */

/* Begin XCBuildConfiguration section */
		BF0EB5682876A11300AC8A13 /* Debug */ = {
			isa = XCBuildConfiguration;
			buildSettings = {
				ALWAYS_SEARCH_USER_PATHS = NO;
				CLANG_ANALYZER_NONNULL = YES;
				CLANG_ANALYZER_NUMBER_OBJECT_CONVERSION = YES_AGGRESSIVE;
				CLANG_CXX_LANGUAGE_STANDARD = "gnu++17";
				CLANG_ENABLE_MODULES = YES;
				CLANG_ENABLE_OBJC_ARC = YES;
				CLANG_ENABLE_OBJC_WEAK = YES;
				CLANG_WARN_BLOCK_CAPTURE_AUTORELEASING = YES;
				CLANG_WARN_BOOL_CONVERSION = YES;
				CLANG_WARN_COMMA = YES;
				CLANG_WARN_CONSTANT_CONVERSION = YES;
				CLANG_WARN_DEPRECATED_OBJC_IMPLEMENTATIONS = YES;
				CLANG_WARN_DIRECT_OBJC_ISA_USAGE = YES_ERROR;
				CLANG_WARN_DOCUMENTATION_COMMENTS = YES;
				CLANG_WARN_EMPTY_BODY = YES;
				CLANG_WARN_ENUM_CONVERSION = YES;
				CLANG_WARN_INFINITE_RECURSION = YES;
				CLANG_WARN_INT_CONVERSION = YES;
				CLANG_WARN_NON_LITERAL_NULL_CONVERSION = YES;
				CLANG_WARN_OBJC_IMPLICIT_RETAIN_SELF = YES;
				CLANG_WARN_OBJC_LITERAL_CONVERSION = YES;
				CLANG_WARN_OBJC_ROOT_CLASS = YES_ERROR;
				CLANG_WARN_QUOTED_INCLUDE_IN_FRAMEWORK_HEADER = YES;
				CLANG_WARN_RANGE_LOOP_ANALYSIS = YES;
				CLANG_WARN_STRICT_PROTOTYPES = YES;
				CLANG_WARN_SUSPICIOUS_MOVE = YES;
				CLANG_WARN_UNGUARDED_AVAILABILITY = YES_AGGRESSIVE;
				CLANG_WARN_UNREACHABLE_CODE = YES;
				CLANG_WARN__DUPLICATE_METHOD_MATCH = YES;
				COPY_PHASE_STRIP = NO;
				DEBUG_INFORMATION_FORMAT = dwarf;
				ENABLE_STRICT_OBJC_MSGSEND = YES;
				ENABLE_TESTABILITY = YES;
				GCC_C_LANGUAGE_STANDARD = gnu11;
				GCC_DYNAMIC_NO_PIC = NO;
				GCC_NO_COMMON_BLOCKS = YES;
				GCC_OPTIMIZATION_LEVEL = 0;
				GCC_PREPROCESSOR_DEFINITIONS = (
					"DEBUG=1",
					"$(inherited)",
				);
				GCC_WARN_64_TO_32_BIT_CONVERSION = YES;
				GCC_WARN_ABOUT_RETURN_TYPE = YES_ERROR;
				GCC_WARN_UNDECLARED_SELECTOR = YES;
				GCC_WARN_UNINITIALIZED_AUTOS = YES_AGGRESSIVE;
				GCC_WARN_UNUSED_FUNCTION = YES;
				GCC_WARN_UNUSED_VARIABLE = YES;
				IPHONEOS_DEPLOYMENT_TARGET = 15.5;
				MTL_ENABLE_DEBUG_INFO = INCLUDE_SOURCE;
				MTL_FAST_MATH = YES;
				ONLY_ACTIVE_ARCH = YES;
				SDKROOT = iphoneos;
				SWIFT_ACTIVE_COMPILATION_CONDITIONS = DEBUG;
				SWIFT_OPTIMIZATION_LEVEL = "-Onone";
			};
			name = Debug;
		};
		BF0EB5692876A11300AC8A13 /* Release */ = {
			isa = XCBuildConfiguration;
			buildSettings = {
				ALWAYS_SEARCH_USER_PATHS = NO;
				CLANG_ANALYZER_NONNULL = YES;
				CLANG_ANALYZER_NUMBER_OBJECT_CONVERSION = YES_AGGRESSIVE;
				CLANG_CXX_LANGUAGE_STANDARD = "gnu++17";
				CLANG_ENABLE_MODULES = YES;
				CLANG_ENABLE_OBJC_ARC = YES;
				CLANG_ENABLE_OBJC_WEAK = YES;
				CLANG_WARN_BLOCK_CAPTURE_AUTORELEASING = YES;
				CLANG_WARN_BOOL_CONVERSION = YES;
				CLANG_WARN_COMMA = YES;
				CLANG_WARN_CONSTANT_CONVERSION = YES;
				CLANG_WARN_DEPRECATED_OBJC_IMPLEMENTATIONS = YES;
				CLANG_WARN_DIRECT_OBJC_ISA_USAGE = YES_ERROR;
				CLANG_WARN_DOCUMENTATION_COMMENTS = YES;
				CLANG_WARN_EMPTY_BODY = YES;
				CLANG_WARN_ENUM_CONVERSION = YES;
				CLANG_WARN_INFINITE_RECURSION = YES;
				CLANG_WARN_INT_CONVERSION = YES;
				CLANG_WARN_NON_LITERAL_NULL_CONVERSION = YES;
				CLANG_WARN_OBJC_IMPLICIT_RETAIN_SELF = YES;
				CLANG_WARN_OBJC_LITERAL_CONVERSION = YES;
				CLANG_WARN_OBJC_ROOT_CLASS = YES_ERROR;
				CLANG_WARN_QUOTED_INCLUDE_IN_FRAMEWORK_HEADER = YES;
				CLANG_WARN_RANGE_LOOP_ANALYSIS = YES;
				CLANG_WARN_STRICT_PROTOTYPES = YES;
				CLANG_WARN_SUSPICIOUS_MOVE = YES;
				CLANG_WARN_UNGUARDED_AVAILABILITY = YES_AGGRESSIVE;
				CLANG_WARN_UNREACHABLE_CODE = YES;
				CLANG_WARN__DUPLICATE_METHOD_MATCH = YES;
				COPY_PHASE_STRIP = NO;
				DEBUG_INFORMATION_FORMAT = "dwarf-with-dsym";
				ENABLE_NS_ASSERTIONS = NO;
				ENABLE_STRICT_OBJC_MSGSEND = YES;
				GCC_C_LANGUAGE_STANDARD = gnu11;
				GCC_NO_COMMON_BLOCKS = YES;
				GCC_WARN_64_TO_32_BIT_CONVERSION = YES;
				GCC_WARN_ABOUT_RETURN_TYPE = YES_ERROR;
				GCC_WARN_UNDECLARED_SELECTOR = YES;
				GCC_WARN_UNINITIALIZED_AUTOS = YES_AGGRESSIVE;
				GCC_WARN_UNUSED_FUNCTION = YES;
				GCC_WARN_UNUSED_VARIABLE = YES;
				IPHONEOS_DEPLOYMENT_TARGET = 15.5;
				MTL_ENABLE_DEBUG_INFO = NO;
				MTL_FAST_MATH = YES;
				SDKROOT = iphoneos;
				SWIFT_COMPILATION_MODE = wholemodule;
				SWIFT_OPTIMIZATION_LEVEL = "-O";
				VALIDATE_PRODUCT = YES;
			};
			name = Release;
		};
		BF0EB56B2876A11300AC8A13 /* Debug */ = {
			isa = XCBuildConfiguration;
			buildSettings = {
				ASSETCATALOG_COMPILER_APPICON_NAME = AppIcon;
				ASSETCATALOG_COMPILER_GLOBAL_ACCENT_COLOR_NAME = AccentColor;
				CODE_SIGN_STYLE = Automatic;
				CURRENT_PROJECT_VERSION = 1;
				DEVELOPMENT_TEAM = D9CAJN27UH;
				GENERATE_INFOPLIST_FILE = YES;
				INFOPLIST_FILE = "CodeBase-Practice-Netflix/Info.plist";
				INFOPLIST_KEY_UIApplicationSupportsIndirectInputEvents = YES;
				INFOPLIST_KEY_UILaunchStoryboardName = LaunchScreen;
				INFOPLIST_KEY_UISupportedInterfaceOrientations_iPad = "UIInterfaceOrientationPortrait UIInterfaceOrientationPortraitUpsideDown UIInterfaceOrientationLandscapeLeft UIInterfaceOrientationLandscapeRight";
				INFOPLIST_KEY_UISupportedInterfaceOrientations_iPhone = "UIInterfaceOrientationPortrait UIInterfaceOrientationLandscapeLeft UIInterfaceOrientationLandscapeRight";
				LD_RUNPATH_SEARCH_PATHS = (
					"$(inherited)",
					"@executable_path/Frameworks",
				);
				MARKETING_VERSION = 1.0;
				PRODUCT_BUNDLE_IDENTIFIER = "lena.CodeBase-Practice-Netflix";
				PRODUCT_NAME = "$(TARGET_NAME)";
				SWIFT_EMIT_LOC_STRINGS = YES;
				SWIFT_VERSION = 5.0;
				TARGETED_DEVICE_FAMILY = "1,2";
			};
			name = Debug;
		};
		BF0EB56C2876A11300AC8A13 /* Release */ = {
			isa = XCBuildConfiguration;
			buildSettings = {
				ASSETCATALOG_COMPILER_APPICON_NAME = AppIcon;
				ASSETCATALOG_COMPILER_GLOBAL_ACCENT_COLOR_NAME = AccentColor;
				CODE_SIGN_STYLE = Automatic;
				CURRENT_PROJECT_VERSION = 1;
				DEVELOPMENT_TEAM = D9CAJN27UH;
				GENERATE_INFOPLIST_FILE = YES;
				INFOPLIST_FILE = "CodeBase-Practice-Netflix/Info.plist";
				INFOPLIST_KEY_UIApplicationSupportsIndirectInputEvents = YES;
				INFOPLIST_KEY_UILaunchStoryboardName = LaunchScreen;
				INFOPLIST_KEY_UISupportedInterfaceOrientations_iPad = "UIInterfaceOrientationPortrait UIInterfaceOrientationPortraitUpsideDown UIInterfaceOrientationLandscapeLeft UIInterfaceOrientationLandscapeRight";
				INFOPLIST_KEY_UISupportedInterfaceOrientations_iPhone = "UIInterfaceOrientationPortrait UIInterfaceOrientationLandscapeLeft UIInterfaceOrientationLandscapeRight";
				LD_RUNPATH_SEARCH_PATHS = (
					"$(inherited)",
					"@executable_path/Frameworks",
				);
				MARKETING_VERSION = 1.0;
				PRODUCT_BUNDLE_IDENTIFIER = "lena.CodeBase-Practice-Netflix";
				PRODUCT_NAME = "$(TARGET_NAME)";
				SWIFT_EMIT_LOC_STRINGS = YES;
				SWIFT_VERSION = 5.0;
				TARGETED_DEVICE_FAMILY = "1,2";
			};
			name = Release;
		};
/* End XCBuildConfiguration section */

/* Begin XCConfigurationList section */
		BF0EB5512876A11100AC8A13 /* Build configuration list for PBXProject "CodeBase-Practice-Netflix" */ = {
			isa = XCConfigurationList;
			buildConfigurations = (
				BF0EB5682876A11300AC8A13 /* Debug */,
				BF0EB5692876A11300AC8A13 /* Release */,
			);
			defaultConfigurationIsVisible = 0;
			defaultConfigurationName = Release;
		};
		BF0EB56A2876A11300AC8A13 /* Build configuration list for PBXNativeTarget "CodeBase-Practice-Netflix" */ = {
			isa = XCConfigurationList;
			buildConfigurations = (
				BF0EB56B2876A11300AC8A13 /* Debug */,
				BF0EB56C2876A11300AC8A13 /* Release */,
			);
			defaultConfigurationIsVisible = 0;
			defaultConfigurationName = Release;
		};
/* End XCConfigurationList section */
	};
	rootObject = BF0EB54E2876A11100AC8A13 /* Project object */;
}
